
Microsoft Visual Studio Solution File, Format Version 12.00
# Visual Studio Version 16
VisualStudioVersion = 16.0.30804.86
MinimumVisualStudioVersion = 10.0.40219.1
Project("{9A19103F-16F7-4668-BE54-9A1E7A4F7556}") = "TRAINS", "ITIS HOMEWORK\TRAINS.csproj", "{D9256A18-C74A-4171-802B-539EA2E7C446}"
EndProject
Project("{FAE04EC0-301F-11D3-BF4B-00C04F79EFBC}") = "INTERFACES", "INTERFACES\INTERFACES.csproj", "{60E9BA0D-0BCB-49CA-923B-30C3B61C3A44}"
EndProject
Global
	GlobalSection(SolutionConfigurationPlatforms) = preSolution
		Debug|Any CPU = Debug|Any CPU
		Release|Any CPU = Release|Any CPU
	EndGlobalSection
	GlobalSection(ProjectConfigurationPlatforms) = postSolution
		{D9256A18-C74A-4171-802B-539EA2E7C446}.Debug|Any CPU.ActiveCfg = Debug|Any CPU
		{D9256A18-C74A-4171-802B-539EA2E7C446}.Debug|Any CPU.Build.0 = Debug|Any CPU
		{D9256A18-C74A-4171-802B-539EA2E7C446}.Release|Any CPU.ActiveCfg = Release|Any CPU
		{D9256A18-C74A-4171-802B-539EA2E7C446}.Release|Any CPU.Build.0 = Release|Any CPU
		{60E9BA0D-0BCB-49CA-923B-30C3B61C3A44}.Debug|Any CPU.ActiveCfg = Debug|Any CPU
		{60E9BA0D-0BCB-49CA-923B-30C3B61C3A44}.Debug|Any CPU.Build.0 = Debug|Any CPU
		{60E9BA0D-0BCB-49CA-923B-30C3B61C3A44}.Release|Any CPU.ActiveCfg = Release|Any CPU
		{60E9BA0D-0BCB-49CA-923B-30C3B61C3A44}.Release|Any CPU.Build.0 = Release|Any CPU
	EndGlobalSection
	GlobalSection(SolutionProperties) = preSolution
		HideSolutionNode = FALSE
	EndGlobalSection
	GlobalSection(ExtensibilityGlobals) = postSolution
		SolutionGuid = {CD174BEF-1ED3-4AD1-97F0-84A7B62CC24E}
	EndGlobalSection
EndGlobal
